Microsoft Visual Studio Solution File, Format Version 12.00
# Visual Studio Version 17
VisualStudioVersion = 17.5.2.0
MinimumVisualStudioVersion = 10.0.40219.1
Project("{FAE04EC0-301F-11D3-BF4B-00C04F79EFBC}") = "PixBits.Core", "PixBits.Core\PixBits.Core.csproj", "{D1F84FCE-BF40-C9B6-3191-F6F71BC179C1}"
EndProject
Global
	GlobalSection(SolutionConfigurationPlatforms) = preSolution
		Debug|Any CPU = Debug|Any CPU
		Release|Any CPU = Release|Any CPU
	EndGlobalSection
	GlobalSection(ProjectConfigurationPlatforms) = postSolution
		{D1F84FCE-BF40-C9B6-3191-F6F71BC179C1}.Debug|Any CPU.ActiveCfg = Debug|Any CPU
		{D1F84FCE-BF40-C9B6-3191-F6F71BC179C1}.Debug|Any CPU.Build.0 = Debug|Any CPU
		{D1F84FCE-BF40-C9B6-3191-F6F71BC179C1}.Release|Any CPU.ActiveCfg = Release|Any CPU
		{D1F84FCE-BF40-C9B6-3191-F6F71BC179C1}.Release|Any CPU.Build.0 = Release|Any CPU
	EndGlobalSection
	GlobalSection(SolutionProperties) = preSolution
		HideSolutionNode = FALSE
	EndGlobalSection
	GlobalSection(ExtensibilityGlobals) = postSolution
		SolutionGuid = {F035562D-FD18-4874-BD06-78E95E6F7315}
	EndGlobalSection
EndGlobal
